
Microsoft Visual Studio Solution File, Format Version 12.00
# Visual Studio Version 17
VisualStudioVersion = 17.14.36616.10 d17.14
MinimumVisualStudioVersion = 10.0.40219.1
Project("{FAE04EC0-301F-11D3-BF4B-00C04F79EFBC}") = "syll.be", "syll.be.csproj", "{40376B36-43FE-4625-8BF5-4FDEF76C5905}"
EndProject
Project("{FAE04EC0-301F-11D3-BF4B-00C04F79EFBC}") = "syll.be.application", "..\syll.be.application\syll.be.application.csproj", "{61588C26-3FE6-4B44-A952-EDDEE071DBC8}"
EndProject
Project("{FAE04EC0-301F-11D3-BF4B-00C04F79EFBC}") = "syll.be.domain", "..\syll.be.domain\syll.be.domain.csproj", "{433DC07C-EF13-44AC-BD42-F58486491BD8}"
EndProject
Project("{FAE04EC0-301F-11D3-BF4B-00C04F79EFBC}") = "syll.be.infrastructure.data", "..\syll.be.infrastructure.data\syll.be.infrastructure.data.csproj", "{E6FEC232-88E0-43D4-826A-47DC84C6ABF6}"
EndProject
Project("{FAE04EC0-301F-11D3-BF4B-00C04F79EFBC}") = "syll.be.infrastructure.external", "..\syll.be.infrastructure.external\syll.be.infrastructure.external.csproj", "{2536BC2E-FBA8-4A16-BB00-0E734BB7B846}"
EndProject
Project("{FAE04EC0-301F-11D3-BF4B-00C04F79EFBC}") = "syll.be.shared", "..\syll.be.shared\syll.be.shared.csproj", "{12743F6D-CC10-4DB9-A867-CC149B538862}"
EndProject
Global
	GlobalSection(SolutionConfigurationPlatforms) = preSolution
		Debug|Any CPU = Debug|Any CPU
		Release|Any CPU = Release|Any CPU
	EndGlobalSection
	GlobalSection(ProjectConfigurationPlatforms) = postSolution
		{40376B36-43FE-4625-8BF5-4FDEF76C5905}.Debug|Any CPU.ActiveCfg = Debug|Any CPU
		{40376B36-43FE-4625-8BF5-4FDEF76C5905}.Debug|Any CPU.Build.0 = Debug|Any CPU
		{40376B36-43FE-4625-8BF5-4FDEF76C5905}.Release|Any CPU.ActiveCfg = Release|Any CPU
		{40376B36-43FE-4625-8BF5-4FDEF76C5905}.Release|Any CPU.Build.0 = Release|Any CPU
		{61588C26-3FE6-4B44-A952-EDDEE071DBC8}.Debug|Any CPU.ActiveCfg = Debug|Any CPU
		{61588C26-3FE6-4B44-A952-EDDEE071DBC8}.Debug|Any CPU.Build.0 = Debug|Any CPU
		{61588C26-3FE6-4B44-A952-EDDEE071DBC8}.Release|Any CPU.ActiveCfg = Release|Any CPU
		{61588C26-3FE6-4B44-A952-EDDEE071DBC8}.Release|Any CPU.Build.0 = Release|Any CPU
		{433DC07C-EF13-44AC-BD42-F58486491BD8}.Debug|Any CPU.ActiveCfg = Debug|Any CPU
		{433DC07C-EF13-44AC-BD42-F58486491BD8}.Debug|Any CPU.Build.0 = Debug|Any CPU
		{433DC07C-EF13-44AC-BD42-F58486491BD8}.Release|Any CPU.ActiveCfg = Release|Any CPU
		{433DC07C-EF13-44AC-BD42-F58486491BD8}.Release|Any CPU.Build.0 = Release|Any CPU
		{E6FEC232-88E0-43D4-826A-47DC84C6ABF6}.Debug|Any CPU.ActiveCfg = Debug|Any CPU
		{E6FEC232-88E0-43D4-826A-47DC84C6ABF6}.Debug|Any CPU.Build.0 = Debug|Any CPU
		{E6FEC232-88E0-43D4-826A-47DC84C6ABF6}.Release|Any CPU.ActiveCfg = Release|Any CPU
		{E6FEC232-88E0-43D4-826A-47DC84C6ABF6}.Release|Any CPU.Build.0 = Release|Any CPU
		{2536BC2E-FBA8-4A16-BB00-0E734BB7B846}.Debug|Any CPU.ActiveCfg = Debug|Any CPU
		{2536BC2E-FBA8-4A16-BB00-0E734BB7B846}.Debug|Any CPU.Build.0 = Debug|Any CPU
		{2536BC2E-FBA8-4A16-BB00-0E734BB7B846}.Release|Any CPU.ActiveCfg = Release|Any CPU
		{2536BC2E-FBA8-4A16-BB00-0E734BB7B846}.Release|Any CPU.Build.0 = Release|Any CPU
		{12743F6D-CC10-4DB9-A867-CC149B538862}.Debug|Any CPU.ActiveCfg = Debug|Any CPU
		{12743F6D-CC10-4DB9-A867-CC149B538862}.Debug|Any CPU.Build.0 = Debug|Any CPU
		{12743F6D-CC10-4DB9-A867-CC149B538862}.Release|Any CPU.ActiveCfg = Release|Any CPU
		{12743F6D-CC10-4DB9-A867-CC149B538862}.Release|Any CPU.Build.0 = Release|Any CPU
	EndGlobalSection
	GlobalSection(SolutionProperties) = preSolution
		HideSolutionNode = FALSE
	EndGlobalSection
	GlobalSection(ExtensibilityGlobals) = postSolution
		SolutionGuid = {BCCEBD2B-EE6A-4EF5-904E-9D63735078E6}
	EndGlobalSection
EndGlobal
